<?xml version="1.0" encoding="UTF-8"?>
<Project ToolsVersion="15.0" xmlns="http://schemas.microsoft.com/developer/msbuild/2003">
  <ItemGroup>
    <ClCompile Include="C:\Users\Fabian\Documents\SourceTreeRepos\IPEngine\CMake project template\root\core\application_base\src\Application.cpp">
      <Filter>src</Filter>
    </ClCompile>
  </ItemGroup>
  <ItemGroup>
    <ClInclude Include="C:\Users\Fabian\Documents\SourceTreeRepos\IPEngine\CMake project template\root\core\application_base\include\public\application_base\Application.h">
      <Filter>include\public\application_base</Filter>
    </ClInclude>
  </ItemGroup>
  <ItemGroup>
    <CustomBuild Include="C:\Users\Fabian\Documents\SourceTreeRepos\IPEngine\CMake project template\root\core\application_base\CMakeLists.txt" />
  </ItemGroup>
  <ItemGroup>
    <Filter Include="include">
      <UniqueIdentifier>{FA9EE85A-5C43-3099-AEF7-06B7CDA0E17E}</UniqueIdentifier>
    </Filter>
    <Filter Include="src">
      <UniqueIdentifier>{03E0FE2E-41E4-3C67-A7E8-D31990D0382E}</UniqueIdentifier>
    </Filter>
    <Filter Include="include\public">
      <UniqueIdentifier>{CE26C273-9AF7-3B9A-9155-857F248E19C6}</UniqueIdentifier>
    </Filter>
    <Filter Include="include\public\application_base">
      <UniqueIdentifier>{2B868669-83C4-3044-904E-9690F815FC7D}</UniqueIdentifier>
    </Filter>
  </ItemGroup>
</Project>
