Microsoft Visual Studio Solution File, Format Version 12.00
# Visual Studio 15
Project("{2150E333-8FDC-42A3-9474-1A3956D46DE8}") = "CMakePredefinedTargets", "CMakePredefinedTargets", "{BB3BB6EF-5371-33EB-9461-9EFFF177A82E}"
EndProject
Project("{2150E333-8FDC-42A3-9474-1A3956D46DE8}") = "core", "core", "{AECA4C57-15C0-398F-AEE5-94DEE5214BBD}"
EndProject
Project("{2150E333-8FDC-42A3-9474-1A3956D46DE8}") = "modules", "modules", "{F35E37DD-B28F-37B0-BA0D-8BB32A755CE4}"
EndProject
Project("{8BC9CEB8-8B4A-11D0-8D11-00A0C91BC942}") = "ALL_BUILD", "ALL_BUILD.vcxproj", "{2CF79697-984E-3122-A56B-3E20BA652FD4}"
	ProjectSection(ProjectDependencies) = postProject
		{BACB6EA9-6470-3232-AEA3-DF2A547F8E91} = {BACB6EA9-6470-3232-AEA3-DF2A547F8E91}
		{F97D0012-D3E4-30AC-BCAF-432E71D510C0} = {F97D0012-D3E4-30AC-BCAF-432E71D510C0}
	EndProjectSection
EndProject
Project("{8BC9CEB8-8B4A-11D0-8D11-00A0C91BC942}") = "GraphicsModule", "GraphicsModule.vcxproj", "{BACB6EA9-6470-3232-AEA3-DF2A547F8E91}"
	ProjectSection(ProjectDependencies) = postProject
		{F97D0012-D3E4-30AC-BCAF-432E71D510C0} = {F97D0012-D3E4-30AC-BCAF-432E71D510C0}
		{280C8463-C683-3612-86AE-803280381FE2} = {280C8463-C683-3612-86AE-803280381FE2}
		{4CDED584-ACAE-326E-9CD7-6B5CD9A75DCA} = {4CDED584-ACAE-326E-9CD7-6B5CD9A75DCA}
		{AC633434-6CB4-3F4D-9E89-8469C8F724B1} = {AC633434-6CB4-3F4D-9E89-8469C8F724B1}
		{0C7EADDB-3839-32E8-AC91-52CC42255DFE} = {0C7EADDB-3839-32E8-AC91-52CC42255DFE}
	EndProjectSection
EndProject
Project("{8BC9CEB8-8B4A-11D0-8D11-00A0C91BC942}") = "INSTALL", "INSTALL.vcxproj", "{8B357FB9-40D2-38A4-94C7-1D90F4B01A81}"
	ProjectSection(ProjectDependencies) = postProject
		{2CF79697-984E-3122-A56B-3E20BA652FD4} = {2CF79697-984E-3122-A56B-3E20BA652FD4}
		{F97D0012-D3E4-30AC-BCAF-432E71D510C0} = {F97D0012-D3E4-30AC-BCAF-432E71D510C0}
	EndProjectSection
EndProject
Project("{8BC9CEB8-8B4A-11D0-8D11-00A0C91BC942}") = "ZERO_CHECK", "..\..\\ZERO_CHECK.vcxproj", "{F97D0012-D3E4-30AC-BCAF-432E71D510C0}"
	ProjectSection(ProjectDependencies) = postProject
	EndProjectSection
EndProject
Project("{8BC9CEB8-8B4A-11D0-8D11-00A0C91BC942}") = "core", "..\..\core\core\core.vcxproj", "{280C8463-C683-3612-86AE-803280381FE2}"
	ProjectSection(ProjectDependencies) = postProject
		{F97D0012-D3E4-30AC-BCAF-432E71D510C0} = {F97D0012-D3E4-30AC-BCAF-432E71D510C0}
	EndProjectSection
EndProject
Project("{8BC9CEB8-8B4A-11D0-8D11-00A0C91BC942}") = "glew", "..\..\external_dependencies\glew\glew.vcxproj", "{4CDED584-ACAE-326E-9CD7-6B5CD9A75DCA}"
	ProjectSection(ProjectDependencies) = postProject
		{F97D0012-D3E4-30AC-BCAF-432E71D510C0} = {F97D0012-D3E4-30AC-BCAF-432E71D510C0}
	EndProjectSection
EndProject
Project("{8BC9CEB8-8B4A-11D0-8D11-00A0C91BC942}") = "injector", "..\..\core\injector\injector.vcxproj", "{AC633434-6CB4-3F4D-9E89-8469C8F724B1}"
	ProjectSection(ProjectDependencies) = postProject
		{F97D0012-D3E4-30AC-BCAF-432E71D510C0} = {F97D0012-D3E4-30AC-BCAF-432E71D510C0}
		{280C8463-C683-3612-86AE-803280381FE2} = {280C8463-C683-3612-86AE-803280381FE2}
	EndProjectSection
EndProject
Project("{8BC9CEB8-8B4A-11D0-8D11-00A0C91BC942}") = "stb_image", "..\..\external_dependencies\stb_image\stb_image.vcxproj", "{0C7EADDB-3839-32E8-AC91-52CC42255DFE}"
	ProjectSection(ProjectDependencies) = postProject
		{F97D0012-D3E4-30AC-BCAF-432E71D510C0} = {F97D0012-D3E4-30AC-BCAF-432E71D510C0}
	EndProjectSection
EndProject
Global
	GlobalSection(SolutionConfigurationPlatforms) = preSolution
		Debug|Win32 = Debug|Win32
		Release|Win32 = Release|Win32
		MinSizeRel|Win32 = MinSizeRel|Win32
		RelWithDebInfo|Win32 = RelWithDebInfo|Win32
	EndGlobalSection
	GlobalSection(ProjectConfigurationPlatforms) = postSolution
		{2CF79697-984E-3122-A56B-3E20BA652FD4}.Debug|Win32.ActiveCfg = Debug|Win32
		{2CF79697-984E-3122-A56B-3E20BA652FD4}.Debug|Win32.Build.0 = Debug|Win32
		{2CF79697-984E-3122-A56B-3E20BA652FD4}.Release|Win32.ActiveCfg = Release|Win32
		{2CF79697-984E-3122-A56B-3E20BA652FD4}.Release|Win32.Build.0 = Release|Win32
		{2CF79697-984E-3122-A56B-3E20BA652FD4}.MinSizeRel|Win32.ActiveCfg = MinSizeRel|Win32
		{2CF79697-984E-3122-A56B-3E20BA652FD4}.MinSizeRel|Win32.Build.0 = MinSizeRel|Win32
		{2CF79697-984E-3122-A56B-3E20BA652FD4}.RelWithDebInfo|Win32.ActiveCfg = RelWithDebInfo|Win32
		{2CF79697-984E-3122-A56B-3E20BA652FD4}.RelWithDebInfo|Win32.Build.0 = RelWithDebInfo|Win32
		{BACB6EA9-6470-3232-AEA3-DF2A547F8E91}.Debug|Win32.ActiveCfg = Debug|Win32
		{BACB6EA9-6470-3232-AEA3-DF2A547F8E91}.Debug|Win32.Build.0 = Debug|Win32
		{BACB6EA9-6470-3232-AEA3-DF2A547F8E91}.Release|Win32.ActiveCfg = Release|Win32
		{BACB6EA9-6470-3232-AEA3-DF2A547F8E91}.Release|Win32.Build.0 = Release|Win32
		{BACB6EA9-6470-3232-AEA3-DF2A547F8E91}.MinSizeRel|Win32.ActiveCfg = MinSizeRel|Win32
		{BACB6EA9-6470-3232-AEA3-DF2A547F8E91}.MinSizeRel|Win32.Build.0 = MinSizeRel|Win32
		{BACB6EA9-6470-3232-AEA3-DF2A547F8E91}.RelWithDebInfo|Win32.ActiveCfg = RelWithDebInfo|Win32
		{BACB6EA9-6470-3232-AEA3-DF2A547F8E91}.RelWithDebInfo|Win32.Build.0 = RelWithDebInfo|Win32
		{8B357FB9-40D2-38A4-94C7-1D90F4B01A81}.Debug|Win32.ActiveCfg = Debug|Win32
		{8B357FB9-40D2-38A4-94C7-1D90F4B01A81}.Release|Win32.ActiveCfg = Release|Win32
		{8B357FB9-40D2-38A4-94C7-1D90F4B01A81}.MinSizeRel|Win32.ActiveCfg = MinSizeRel|Win32
		{8B357FB9-40D2-38A4-94C7-1D90F4B01A81}.RelWithDebInfo|Win32.ActiveCfg = RelWithDebInfo|Win32
		{F97D0012-D3E4-30AC-BCAF-432E71D510C0}.Debug|Win32.ActiveCfg = Debug|Win32
		{F97D0012-D3E4-30AC-BCAF-432E71D510C0}.Debug|Win32.Build.0 = Debug|Win32
		{F97D0012-D3E4-30AC-BCAF-432E71D510C0}.Release|Win32.ActiveCfg = Release|Win32
		{F97D0012-D3E4-30AC-BCAF-432E71D510C0}.Release|Win32.Build.0 = Release|Win32
		{F97D0012-D3E4-30AC-BCAF-432E71D510C0}.MinSizeRel|Win32.ActiveCfg = MinSizeRel|Win32
		{F97D0012-D3E4-30AC-BCAF-432E71D510C0}.MinSizeRel|Win32.Build.0 = MinSizeRel|Win32
		{F97D0012-D3E4-30AC-BCAF-432E71D510C0}.RelWithDebInfo|Win32.ActiveCfg = RelWithDebInfo|Win32
		{F97D0012-D3E4-30AC-BCAF-432E71D510C0}.RelWithDebInfo|Win32.Build.0 = RelWithDebInfo|Win32
		{280C8463-C683-3612-86AE-803280381FE2}.Debug|Win32.ActiveCfg = Debug|Win32
		{280C8463-C683-3612-86AE-803280381FE2}.Debug|Win32.Build.0 = Debug|Win32
		{280C8463-C683-3612-86AE-803280381FE2}.Release|Win32.ActiveCfg = Release|Win32
		{280C8463-C683-3612-86AE-803280381FE2}.Release|Win32.Build.0 = Release|Win32
		{280C8463-C683-3612-86AE-803280381FE2}.MinSizeRel|Win32.ActiveCfg = MinSizeRel|Win32
		{280C8463-C683-3612-86AE-803280381FE2}.MinSizeRel|Win32.Build.0 = MinSizeRel|Win32
		{280C8463-C683-3612-86AE-803280381FE2}.RelWithDebInfo|Win32.ActiveCfg = RelWithDebInfo|Win32
		{280C8463-C683-3612-86AE-803280381FE2}.RelWithDebInfo|Win32.Build.0 = RelWithDebInfo|Win32
		{4CDED584-ACAE-326E-9CD7-6B5CD9A75DCA}.Debug|Win32.ActiveCfg = Debug|Win32
		{4CDED584-ACAE-326E-9CD7-6B5CD9A75DCA}.Debug|Win32.Build.0 = Debug|Win32
		{4CDED584-ACAE-326E-9CD7-6B5CD9A75DCA}.Release|Win32.ActiveCfg = Release|Win32
		{4CDED584-ACAE-326E-9CD7-6B5CD9A75DCA}.Release|Win32.Build.0 = Release|Win32
		{4CDED584-ACAE-326E-9CD7-6B5CD9A75DCA}.MinSizeRel|Win32.ActiveCfg = MinSizeRel|Win32
		{4CDED584-ACAE-326E-9CD7-6B5CD9A75DCA}.MinSizeRel|Win32.Build.0 = MinSizeRel|Win32
		{4CDED584-ACAE-326E-9CD7-6B5CD9A75DCA}.RelWithDebInfo|Win32.ActiveCfg = RelWithDebInfo|Win32
		{4CDED584-ACAE-326E-9CD7-6B5CD9A75DCA}.RelWithDebInfo|Win32.Build.0 = RelWithDebInfo|Win32
		{AC633434-6CB4-3F4D-9E89-8469C8F724B1}.Debug|Win32.ActiveCfg = Debug|Win32
		{AC633434-6CB4-3F4D-9E89-8469C8F724B1}.Debug|Win32.Build.0 = Debug|Win32
		{AC633434-6CB4-3F4D-9E89-8469C8F724B1}.Release|Win32.ActiveCfg = Release|Win32
		{AC633434-6CB4-3F4D-9E89-8469C8F724B1}.Release|Win32.Build.0 = Release|Win32
		{AC633434-6CB4-3F4D-9E89-8469C8F724B1}.MinSizeRel|Win32.ActiveCfg = MinSizeRel|Win32
		{AC633434-6CB4-3F4D-9E89-8469C8F724B1}.MinSizeRel|Win32.Build.0 = MinSizeRel|Win32
		{AC633434-6CB4-3F4D-9E89-8469C8F724B1}.RelWithDebInfo|Win32.ActiveCfg = RelWithDebInfo|Win32
		{AC633434-6CB4-3F4D-9E89-8469C8F724B1}.RelWithDebInfo|Win32.Build.0 = RelWithDebInfo|Win32
		{0C7EADDB-3839-32E8-AC91-52CC42255DFE}.Debug|Win32.ActiveCfg = Debug|Win32
		{0C7EADDB-3839-32E8-AC91-52CC42255DFE}.Debug|Win32.Build.0 = Debug|Win32
		{0C7EADDB-3839-32E8-AC91-52CC42255DFE}.Release|Win32.ActiveCfg = Release|Win32
		{0C7EADDB-3839-32E8-AC91-52CC42255DFE}.Release|Win32.Build.0 = Release|Win32
		{0C7EADDB-3839-32E8-AC91-52CC42255DFE}.MinSizeRel|Win32.ActiveCfg = MinSizeRel|Win32
		{0C7EADDB-3839-32E8-AC91-52CC42255DFE}.MinSizeRel|Win32.Build.0 = MinSizeRel|Win32
		{0C7EADDB-3839-32E8-AC91-52CC42255DFE}.RelWithDebInfo|Win32.ActiveCfg = RelWithDebInfo|Win32
		{0C7EADDB-3839-32E8-AC91-52CC42255DFE}.RelWithDebInfo|Win32.Build.0 = RelWithDebInfo|Win32
	EndGlobalSection
	GlobalSection(NestedProjects) = preSolution
		{2CF79697-984E-3122-A56B-3E20BA652FD4} = {BB3BB6EF-5371-33EB-9461-9EFFF177A82E}
		{8B357FB9-40D2-38A4-94C7-1D90F4B01A81} = {BB3BB6EF-5371-33EB-9461-9EFFF177A82E}
		{F97D0012-D3E4-30AC-BCAF-432E71D510C0} = {BB3BB6EF-5371-33EB-9461-9EFFF177A82E}
		{280C8463-C683-3612-86AE-803280381FE2} = {AECA4C57-15C0-398F-AEE5-94DEE5214BBD}
		{AC633434-6CB4-3F4D-9E89-8469C8F724B1} = {AECA4C57-15C0-398F-AEE5-94DEE5214BBD}
		{BACB6EA9-6470-3232-AEA3-DF2A547F8E91} = {F35E37DD-B28F-37B0-BA0D-8BB32A755CE4}
	EndGlobalSection
	GlobalSection(ExtensibilityGlobals) = postSolution
		SolutionGuid = {51E92EDD-974E-364E-93AA-AF93F258CFE8}
	EndGlobalSection
	GlobalSection(ExtensibilityAddIns) = postSolution
	EndGlobalSection
EndGlobal
