
Microsoft Visual Studio Solution File, Format Version 12.00
# Visual Studio 15
VisualStudioVersion = 15.0.26730.15
MinimumVisualStudioVersion = 10.0.40219.1
Project("{8BC9CEB8-8B4A-11D0-8D11-00A0C91BC942}") = "CoreTetst", "CoreTetst\CoreTetst.vcxproj", "{7C82EB4E-4A60-4355-A5D8-287EEF185CA5}"
	ProjectSection(ProjectDependencies) = postProject
		{44C14CF2-2BD7-4AE7-A273-940988848344} = {44C14CF2-2BD7-4AE7-A273-940988848344}
	EndProjectSection
EndProject
Project("{8BC9CEB8-8B4A-11D0-8D11-00A0C91BC942}") = "ModulCoreTest", "ModulCoreTest\ModulCoreTest.vcxproj", "{44C14CF2-2BD7-4AE7-A273-940988848344}"
EndProject
Global
	GlobalSection(SolutionConfigurationPlatforms) = preSolution
		Debug|x64 = Debug|x64
		Debug|x86 = Debug|x86
		Release|x64 = Release|x64
		Release|x86 = Release|x86
	EndGlobalSection
	GlobalSection(ProjectConfigurationPlatforms) = postSolution
		{7C82EB4E-4A60-4355-A5D8-287EEF185CA5}.Debug|x64.ActiveCfg = Debug|x64
		{7C82EB4E-4A60-4355-A5D8-287EEF185CA5}.Debug|x64.Build.0 = Debug|x64
		{7C82EB4E-4A60-4355-A5D8-287EEF185CA5}.Debug|x86.ActiveCfg = Debug|Win32
		{7C82EB4E-4A60-4355-A5D8-287EEF185CA5}.Debug|x86.Build.0 = Debug|Win32
		{7C82EB4E-4A60-4355-A5D8-287EEF185CA5}.Release|x64.ActiveCfg = Release|x64
		{7C82EB4E-4A60-4355-A5D8-287EEF185CA5}.Release|x64.Build.0 = Release|x64
		{7C82EB4E-4A60-4355-A5D8-287EEF185CA5}.Release|x86.ActiveCfg = Release|Win32
		{7C82EB4E-4A60-4355-A5D8-287EEF185CA5}.Release|x86.Build.0 = Release|Win32
		{44C14CF2-2BD7-4AE7-A273-940988848344}.Debug|x64.ActiveCfg = Debug|x64
		{44C14CF2-2BD7-4AE7-A273-940988848344}.Debug|x64.Build.0 = Debug|x64
		{44C14CF2-2BD7-4AE7-A273-940988848344}.Debug|x86.ActiveCfg = Debug|Win32
		{44C14CF2-2BD7-4AE7-A273-940988848344}.Debug|x86.Build.0 = Debug|Win32
		{44C14CF2-2BD7-4AE7-A273-940988848344}.Release|x64.ActiveCfg = Release|x64
		{44C14CF2-2BD7-4AE7-A273-940988848344}.Release|x64.Build.0 = Release|x64
		{44C14CF2-2BD7-4AE7-A273-940988848344}.Release|x86.ActiveCfg = Release|Win32
		{44C14CF2-2BD7-4AE7-A273-940988848344}.Release|x86.Build.0 = Release|Win32
	EndGlobalSection
	GlobalSection(SolutionProperties) = preSolution
		HideSolutionNode = FALSE
	EndGlobalSection
	GlobalSection(ExtensibilityGlobals) = postSolution
		SolutionGuid = {D6D12A6E-AF1F-4F99-A07E-32F50268B3BC}
	EndGlobalSection
EndGlobal
