<?xml version="1.0" encoding="UTF-8"?>
<Project ToolsVersion="15.0" xmlns="http://schemas.microsoft.com/developer/msbuild/2003">
  <ItemGroup>
    <CustomBuild Include="C:\Users\Fabian\Documents\SourceTreeRepos\IPEngine\CMake project template\testbuild\CMakeFiles\544f8ceca497ae4b7b8710b368f5f40b\INSTALL_force.rule">
      <Filter>CMake Rules</Filter>
    </CustomBuild>
  </ItemGroup>
  <ItemGroup>
    <Filter Include="CMake Rules">
      <UniqueIdentifier>{DF54E896-97FF-3594-83A4-7055705D5012}</UniqueIdentifier>
    </Filter>
  </ItemGroup>
</Project>
