<?xml version="1.0" encoding="utf-8"?>
<Project ToolsVersion="4.0" xmlns="http://schemas.microsoft.com/developer/msbuild/2003">
  <ItemGroup>
    <Filter Include="Ressourcendateien">
      <UniqueIdentifier>{67DA6AB6-F800-4c08-8B7A-83BB121AAD01}</UniqueIdentifier>
      <Extensions>rc;ico;cur;bmp;dlg;rc2;rct;bin;rgs;gif;jpg;jpeg;jpe;resx;tiff;tif;png;wav;mfcribbon-ms</Extensions>
    </Filter>
    <Filter Include="framework">
      <UniqueIdentifier>{97dfe413-edc5-46df-9c72-95058e67010f}</UniqueIdentifier>
    </Filter>
    <Filter Include="src">
      <UniqueIdentifier>{165cc42a-1018-455b-a4f1-0b9800fe5469}</UniqueIdentifier>
    </Filter>
  </ItemGroup>
  <ItemGroup>
    <ClCompile Include="GameWindow.cpp">
      <Filter>framework</Filter>
    </ClCompile>
    <ClCompile Include="glerror.cpp">
      <Filter>framework</Filter>
    </ClCompile>
    <ClCompile Include="Input.cpp">
      <Filter>framework</Filter>
    </ClCompile>
    <ClCompile Include="Game.cpp">
      <Filter>src</Filter>
    </ClCompile>
    <ClCompile Include="main.cpp">
      <Filter>src</Filter>
    </ClCompile>
    <ClCompile Include="OBJLoader.cpp">
      <Filter>framework</Filter>
    </ClCompile>
    <ClCompile Include="Cloth.cpp">
      <Filter>src</Filter>
    </ClCompile>
    <ClCompile Include="Scene.cpp">
      <Filter>src</Filter>
    </ClCompile>
    <ClCompile Include="Utils.cpp">
      <Filter>src</Filter>
    </ClCompile>
    <ClCompile Include="Camera.cpp">
      <Filter>src</Filter>
    </ClCompile>
  </ItemGroup>
  <ItemGroup>
    <ClInclude Include="GameWindow.h">
      <Filter>framework</Filter>
    </ClInclude>
    <ClInclude Include="glerror.h">
      <Filter>framework</Filter>
    </ClInclude>
    <ClInclude Include="Input.h">
      <Filter>framework</Filter>
    </ClInclude>
    <ClInclude Include="libheaders.h">
      <Filter>framework</Filter>
    </ClInclude>
    <ClInclude Include="Game.h">
      <Filter>src</Filter>
    </ClInclude>
    <ClInclude Include="OBJLoader.h">
      <Filter>framework</Filter>
    </ClInclude>
    <ClInclude Include="fw_config.h">
      <Filter>framework</Filter>
    </ClInclude>
    <ClInclude Include="Cloth.h">
      <Filter>src</Filter>
    </ClInclude>
    <ClInclude Include="Scene.h">
      <Filter>src</Filter>
    </ClInclude>
    <ClInclude Include="Utils.h">
      <Filter>src</Filter>
    </ClInclude>
    <ClInclude Include="Camera.h">
      <Filter>src</Filter>
    </ClInclude>
  </ItemGroup>
</Project>