
Microsoft Visual Studio Solution File, Format Version 12.00
# Visual Studio 15
VisualStudioVersion = 15.0.26730.15
MinimumVisualStudioVersion = 10.0.40219.1
Project("{2150E333-8FDC-42A3-9474-1A3956D46DE8}") = "Core", "Core", "{770ECB8E-2A31-4041-B686-042C6865CDF9}"
EndProject
Project("{8BC9CEB8-8B4A-11D0-8D11-00A0C91BC942}") = "Injector", "Core\Injector\Injector.vcxproj", "{CE569EEF-AECB-48FA-AD84-97D0A89E789E}"
EndProject
Project("{8BC9CEB8-8B4A-11D0-8D11-00A0C91BC942}") = "IPCore", "Core\IPCore\IPCore.vcxproj", "{7637F4FC-B795-4B7D-89FC-AB7F8D2E02A9}"
EndProject
Project("{2150E333-8FDC-42A3-9474-1A3956D46DE8}") = "Modules", "Modules", "{B1BE8738-7475-42FB-86E6-804456EC531F}"
EndProject
Project("{8BC9CEB8-8B4A-11D0-8D11-00A0C91BC942}") = "GraphicsModule", "Modules\GraphicsModule\Plugin2.vcxproj", "{44C14CF2-2BD7-4AE7-A273-940988848344}"
	ProjectSection(ProjectDependencies) = postProject
		{7637F4FC-B795-4B7D-89FC-AB7F8D2E02A9} = {7637F4FC-B795-4B7D-89FC-AB7F8D2E02A9}
	EndProjectSection
EndProject
Project("{8BC9CEB8-8B4A-11D0-8D11-00A0C91BC942}") = "InputModule", "Modules\InputModule\Plugin1.vcxproj", "{94C77395-D81F-4F00-B33B-94BD9ADEDFE4}"
	ProjectSection(ProjectDependencies) = postProject
		{7637F4FC-B795-4B7D-89FC-AB7F8D2E02A9} = {7637F4FC-B795-4B7D-89FC-AB7F8D2E02A9}
	EndProjectSection
EndProject
Project("{8BC9CEB8-8B4A-11D0-8D11-00A0C91BC942}") = "SimpleSceneModule", "Modules\SimpleSceneModule\SimpleSceneModule.vcxproj", "{87A4AD35-C8B3-433A-A98E-5C216D82E2F4}"
	ProjectSection(ProjectDependencies) = postProject
		{7637F4FC-B795-4B7D-89FC-AB7F8D2E02A9} = {7637F4FC-B795-4B7D-89FC-AB7F8D2E02A9}
	EndProjectSection
EndProject
Project("{8BC9CEB8-8B4A-11D0-8D11-00A0C91BC942}") = "SimpleContentModule", "Modules\SimpleContentModule\SimpleContentModule.vcxproj", "{E48F70E5-1CCF-4125-85F8-EE173A9092D1}"
	ProjectSection(ProjectDependencies) = postProject
		{7637F4FC-B795-4B7D-89FC-AB7F8D2E02A9} = {7637F4FC-B795-4B7D-89FC-AB7F8D2E02A9}
	EndProjectSection
EndProject
Project("{8BC9CEB8-8B4A-11D0-8D11-00A0C91BC942}") = "BasicOpenVRModule", "Modules\BasicOpenVRModule\BasicOpenVRModule.vcxproj", "{91980E4E-CFB0-4DB7-881B-6BBC1C79ECCF}"
	ProjectSection(ProjectDependencies) = postProject
		{7637F4FC-B795-4B7D-89FC-AB7F8D2E02A9} = {7637F4FC-B795-4B7D-89FC-AB7F8D2E02A9}
	EndProjectSection
EndProject
Project("{8BC9CEB8-8B4A-11D0-8D11-00A0C91BC942}") = "Application", "Application\Demo.vcxproj", "{77CD555C-10E3-4D41-A486-099BC5822B23}"
	ProjectSection(ProjectDependencies) = postProject
		{374CEB09-5FE5-4BF8-96EB-ECF5BF365AE1} = {374CEB09-5FE5-4BF8-96EB-ECF5BF365AE1}
		{85A47735-85C6-4C1E-A41E-59C7CC3BDA4F} = {85A47735-85C6-4C1E-A41E-59C7CC3BDA4F}
		{87A4AD35-C8B3-433A-A98E-5C216D82E2F4} = {87A4AD35-C8B3-433A-A98E-5C216D82E2F4}
		{91980E4E-CFB0-4DB7-881B-6BBC1C79ECCF} = {91980E4E-CFB0-4DB7-881B-6BBC1C79ECCF}
		{BB16A050-B1F2-4BF6-BC0F-5470AA570735} = {BB16A050-B1F2-4BF6-BC0F-5470AA570735}
		{94C77395-D81F-4F00-B33B-94BD9ADEDFE4} = {94C77395-D81F-4F00-B33B-94BD9ADEDFE4}
		{96D455B5-B90F-4E0A-9CE4-D1AFA32636A9} = {96D455B5-B90F-4E0A-9CE4-D1AFA32636A9}
		{E48F70E5-1CCF-4125-85F8-EE173A9092D1} = {E48F70E5-1CCF-4125-85F8-EE173A9092D1}
		{44C14CF2-2BD7-4AE7-A273-940988848344} = {44C14CF2-2BD7-4AE7-A273-940988848344}
		{7637F4FC-B795-4B7D-89FC-AB7F8D2E02A9} = {7637F4FC-B795-4B7D-89FC-AB7F8D2E02A9}
	EndProjectSection
EndProject
Project("{2150E333-8FDC-42A3-9474-1A3956D46DE8}") = "Assets", "Assets", "{70B77BC8-77BC-4791-93D0-8D628AB48330}"
	ProjectSection(SolutionItems) = preProject
		Assets\DependencyGraph\TestDepGraph.xml = Assets\DependencyGraph\TestDepGraph.xml
		Assets\Scenes\TestScene.xml = Assets\Scenes\TestScene.xml
	EndProjectSection
EndProject
Project("{8BC9CEB8-8B4A-11D0-8D11-00A0C91BC942}") = "PhysicsModule", "Modules\PhysicsModule\PhysicsModule.vcxproj", "{374CEB09-5FE5-4BF8-96EB-ECF5BF365AE1}"
EndProject
Project("{2150E333-8FDC-42A3-9474-1A3956D46DE8}") = "API_Headers", "API_Headers", "{9047FF9A-1820-4478-881B-5717FE2306D8}"
	ProjectSection(SolutionItems) = preProject
		API_Headers\IBasicGraphicsContentModule_API.h = API_Headers\IBasicGraphicsContentModule_API.h
		API_Headers\IBasicOpenVRModule_API.h = API_Headers\IBasicOpenVRModule_API.h
		API_Headers\IDataStoreModuleh_API.h = API_Headers\IDataStoreModuleh_API.h
		API_Headers\IGraphics_API.h = API_Headers\IGraphics_API.h
		API_Headers\IInput_API.h = API_Headers\IInput_API.h
		API_Headers\ILogicModule_API.h = API_Headers\ILogicModule_API.h
		API_Headers\IModule_API.h = API_Headers\IModule_API.h
		API_Headers\IPhysicsModule_API.h = API_Headers\IPhysicsModule_API.h
		API_Headers\ISimpleContentModule_API.h = API_Headers\ISimpleContentModule_API.h
		API_Headers\ISimpleSceneModule_API.h = API_Headers\ISimpleSceneModule_API.h
		API_Headers\IWindowManager_API.h = API_Headers\IWindowManager_API.h
	EndProjectSection
EndProject
Project("{2150E333-8FDC-42A3-9474-1A3956D46DE8}") = "Extensions", "Extensions", "{1AB7B933-CBEB-41FB-A6F1-7D1EDA06A100}"
EndProject
Project("{8BC9CEB8-8B4A-11D0-8D11-00A0C91BC942}") = "ExtensionTest", "Extensions\ExtensionTest\ExtensionTest.vcxproj", "{96D455B5-B90F-4E0A-9CE4-D1AFA32636A9}"
EndProject
Project("{8BC9CEB8-8B4A-11D0-8D11-00A0C91BC942}") = "GameLogicModule", "Modules\GameLogicModule\GameLogicModule.vcxproj", "{85A47735-85C6-4C1E-A41E-59C7CC3BDA4F}"
	ProjectSection(ProjectDependencies) = postProject
		{7637F4FC-B795-4B7D-89FC-AB7F8D2E02A9} = {7637F4FC-B795-4B7D-89FC-AB7F8D2E02A9}
	EndProjectSection
EndProject
Project("{8BC9CEB8-8B4A-11D0-8D11-00A0C91BC942}") = "GraphicsModulePostRenderVR", "Extensions\GraphicsModulePostRenderVR\GraphicsModulePostRenderVR.vcxproj", "{258089BD-269F-4DAB-BB8B-6BFEE1471CCC}"
EndProject
Project("{8BC9CEB8-8B4A-11D0-8D11-00A0C91BC942}") = "GraphicsModulePreRenderVR", "Extensions\GraphicsModulePreRenderVR\GraphicsModulePreRenderVR.vcxproj", "{BB16A050-B1F2-4BF6-BC0F-5470AA570735}"
EndProject
Project("{8BC9CEB8-8B4A-11D0-8D11-00A0C91BC942}") = "DataStoreModule", "Modules\DataStoreModule\DataStoreModule.vcxproj", "{4C1BAB59-3F08-428F-AEB3-DD9B35C083AB}"
	ProjectSection(ProjectDependencies) = postProject
		{7637F4FC-B795-4B7D-89FC-AB7F8D2E02A9} = {7637F4FC-B795-4B7D-89FC-AB7F8D2E02A9}
	EndProjectSection
EndProject
Project("{8BC9CEB8-8B4A-11D0-8D11-00A0C91BC942}") = "ApplicationBase", "ApplicationBase\ApplicationBase\ApplicationBase.vcxproj", "{ED6849F2-DA13-4A87-BC05-C217D81DCAD9}"
	ProjectSection(ProjectDependencies) = postProject
		{CE569EEF-AECB-48FA-AD84-97D0A89E789E} = {CE569EEF-AECB-48FA-AD84-97D0A89E789E}
		{7637F4FC-B795-4B7D-89FC-AB7F8D2E02A9} = {7637F4FC-B795-4B7D-89FC-AB7F8D2E02A9}
	EndProjectSection
EndProject
Project("{2150E333-8FDC-42A3-9474-1A3956D46DE8}") = "LibraryProjects", "LibraryProjects", "{613BA2EF-077C-4E18-9DDE-2EB2CDB335B0}"
EndProject
Project("{8BC9CEB8-8B4A-11D0-8D11-00A0C91BC942}") = "gluew", "LibraryProjects\gluew\gluew\gluew.vcxproj", "{8F5D02FD-B9EC-4A98-A576-264EC8224D34}"
EndProject
Project("{8BC9CEB8-8B4A-11D0-8D11-00A0C91BC942}") = "VREntitySceneLoader", "Extensions\VREntitySceneLoader\VREntitySceneLoader.vcxproj", "{56BA1EF9-DDA3-4598-96F2-32F998998A51}"
EndProject
Project("{8BC9CEB8-8B4A-11D0-8D11-00A0C91BC942}") = "exSSMExtendedPBRPhysicsLoader", "Extensions\exSSMExtendedPBRPhysicsLoader\exSSMExtendedPBRPhysicsLoader.vcxproj", "{B59FCB62-D437-4FD4-A1CF-4155BF664A11}"
EndProject
Project("{8BC9CEB8-8B4A-11D0-8D11-00A0C91BC942}") = "exSSMExtendedWriterPhysics", "Extensions\exSSMExtendedWriterPhysics\exSSMExtendedWriterPhysics.vcxproj", "{B1969DE1-EA39-45D1-BF10-0CC0D442CA85}"
EndProject
Project("{8BC9CEB8-8B4A-11D0-8D11-00A0C91BC942}") = "VulkanRenderer", "Modules\VulkanRenderer\VulkanRenderer.vcxproj", "{767B94C9-B0C8-47AC-A7CD-4EBFF6765A8B}"
EndProject
Project("{8BC9CEB8-8B4A-11D0-8D11-00A0C91BC942}") = "SDLWindowManager", "Modules\SDLWindowManager\SDLWindowManager.vcxproj", "{B577AD83-58AC-434F-A1D2-64047CCCFDD8}"
EndProject
Global
	GlobalSection(SolutionConfigurationPlatforms) = preSolution
		Debug|x64 = Debug|x64
		Debug|x86 = Debug|x86
		Release|x64 = Release|x64
		Release|x86 = Release|x86
	EndGlobalSection
	GlobalSection(ProjectConfigurationPlatforms) = postSolution
		{CE569EEF-AECB-48FA-AD84-97D0A89E789E}.Debug|x64.ActiveCfg = Debug|x64
		{CE569EEF-AECB-48FA-AD84-97D0A89E789E}.Debug|x64.Build.0 = Debug|x64
		{CE569EEF-AECB-48FA-AD84-97D0A89E789E}.Debug|x86.ActiveCfg = Debug|Win32
		{CE569EEF-AECB-48FA-AD84-97D0A89E789E}.Debug|x86.Build.0 = Debug|Win32
		{CE569EEF-AECB-48FA-AD84-97D0A89E789E}.Release|x64.ActiveCfg = Release|x64
		{CE569EEF-AECB-48FA-AD84-97D0A89E789E}.Release|x64.Build.0 = Release|x64
		{CE569EEF-AECB-48FA-AD84-97D0A89E789E}.Release|x86.ActiveCfg = Release|Win32
		{CE569EEF-AECB-48FA-AD84-97D0A89E789E}.Release|x86.Build.0 = Release|Win32
		{7637F4FC-B795-4B7D-89FC-AB7F8D2E02A9}.Debug|x64.ActiveCfg = Debug|x64
		{7637F4FC-B795-4B7D-89FC-AB7F8D2E02A9}.Debug|x64.Build.0 = Debug|x64
		{7637F4FC-B795-4B7D-89FC-AB7F8D2E02A9}.Debug|x86.ActiveCfg = Debug|Win32
		{7637F4FC-B795-4B7D-89FC-AB7F8D2E02A9}.Debug|x86.Build.0 = Debug|Win32
		{7637F4FC-B795-4B7D-89FC-AB7F8D2E02A9}.Release|x64.ActiveCfg = Release|x64
		{7637F4FC-B795-4B7D-89FC-AB7F8D2E02A9}.Release|x64.Build.0 = Release|x64
		{7637F4FC-B795-4B7D-89FC-AB7F8D2E02A9}.Release|x86.ActiveCfg = Release|Win32
		{7637F4FC-B795-4B7D-89FC-AB7F8D2E02A9}.Release|x86.Build.0 = Release|Win32
		{44C14CF2-2BD7-4AE7-A273-940988848344}.Debug|x64.ActiveCfg = Debug|x64
		{44C14CF2-2BD7-4AE7-A273-940988848344}.Debug|x64.Build.0 = Debug|x64
		{44C14CF2-2BD7-4AE7-A273-940988848344}.Debug|x86.ActiveCfg = Debug|Win32
		{44C14CF2-2BD7-4AE7-A273-940988848344}.Debug|x86.Build.0 = Debug|Win32
		{44C14CF2-2BD7-4AE7-A273-940988848344}.Release|x64.ActiveCfg = Release|x64
		{44C14CF2-2BD7-4AE7-A273-940988848344}.Release|x64.Build.0 = Release|x64
		{44C14CF2-2BD7-4AE7-A273-940988848344}.Release|x86.ActiveCfg = Release|Win32
		{44C14CF2-2BD7-4AE7-A273-940988848344}.Release|x86.Build.0 = Release|Win32
		{94C77395-D81F-4F00-B33B-94BD9ADEDFE4}.Debug|x64.ActiveCfg = Debug|x64
		{94C77395-D81F-4F00-B33B-94BD9ADEDFE4}.Debug|x64.Build.0 = Debug|x64
		{94C77395-D81F-4F00-B33B-94BD9ADEDFE4}.Debug|x86.ActiveCfg = Debug|Win32
		{94C77395-D81F-4F00-B33B-94BD9ADEDFE4}.Debug|x86.Build.0 = Debug|Win32
		{94C77395-D81F-4F00-B33B-94BD9ADEDFE4}.Release|x64.ActiveCfg = Release|x64
		{94C77395-D81F-4F00-B33B-94BD9ADEDFE4}.Release|x64.Build.0 = Release|x64
		{94C77395-D81F-4F00-B33B-94BD9ADEDFE4}.Release|x86.ActiveCfg = Release|Win32
		{94C77395-D81F-4F00-B33B-94BD9ADEDFE4}.Release|x86.Build.0 = Release|Win32
		{87A4AD35-C8B3-433A-A98E-5C216D82E2F4}.Debug|x64.ActiveCfg = Debug|x64
		{87A4AD35-C8B3-433A-A98E-5C216D82E2F4}.Debug|x64.Build.0 = Debug|x64
		{87A4AD35-C8B3-433A-A98E-5C216D82E2F4}.Debug|x86.ActiveCfg = Debug|Win32
		{87A4AD35-C8B3-433A-A98E-5C216D82E2F4}.Debug|x86.Build.0 = Debug|Win32
		{87A4AD35-C8B3-433A-A98E-5C216D82E2F4}.Release|x64.ActiveCfg = Release|x64
		{87A4AD35-C8B3-433A-A98E-5C216D82E2F4}.Release|x64.Build.0 = Release|x64
		{87A4AD35-C8B3-433A-A98E-5C216D82E2F4}.Release|x86.ActiveCfg = Release|Win32
		{87A4AD35-C8B3-433A-A98E-5C216D82E2F4}.Release|x86.Build.0 = Release|Win32
		{E48F70E5-1CCF-4125-85F8-EE173A9092D1}.Debug|x64.ActiveCfg = Debug|x64
		{E48F70E5-1CCF-4125-85F8-EE173A9092D1}.Debug|x64.Build.0 = Debug|x64
		{E48F70E5-1CCF-4125-85F8-EE173A9092D1}.Debug|x86.ActiveCfg = Debug|Win32
		{E48F70E5-1CCF-4125-85F8-EE173A9092D1}.Debug|x86.Build.0 = Debug|Win32
		{E48F70E5-1CCF-4125-85F8-EE173A9092D1}.Release|x64.ActiveCfg = Release|x64
		{E48F70E5-1CCF-4125-85F8-EE173A9092D1}.Release|x64.Build.0 = Release|x64
		{E48F70E5-1CCF-4125-85F8-EE173A9092D1}.Release|x86.ActiveCfg = Release|Win32
		{E48F70E5-1CCF-4125-85F8-EE173A9092D1}.Release|x86.Build.0 = Release|Win32
		{91980E4E-CFB0-4DB7-881B-6BBC1C79ECCF}.Debug|x64.ActiveCfg = Debug|x64
		{91980E4E-CFB0-4DB7-881B-6BBC1C79ECCF}.Debug|x64.Build.0 = Debug|x64
		{91980E4E-CFB0-4DB7-881B-6BBC1C79ECCF}.Debug|x86.ActiveCfg = Debug|Win32
		{91980E4E-CFB0-4DB7-881B-6BBC1C79ECCF}.Debug|x86.Build.0 = Debug|Win32
		{91980E4E-CFB0-4DB7-881B-6BBC1C79ECCF}.Release|x64.ActiveCfg = Release|x64
		{91980E4E-CFB0-4DB7-881B-6BBC1C79ECCF}.Release|x64.Build.0 = Release|x64
		{91980E4E-CFB0-4DB7-881B-6BBC1C79ECCF}.Release|x86.ActiveCfg = Release|Win32
		{91980E4E-CFB0-4DB7-881B-6BBC1C79ECCF}.Release|x86.Build.0 = Release|Win32
		{77CD555C-10E3-4D41-A486-099BC5822B23}.Debug|x64.ActiveCfg = Debug|x64
		{77CD555C-10E3-4D41-A486-099BC5822B23}.Debug|x64.Build.0 = Debug|x64
		{77CD555C-10E3-4D41-A486-099BC5822B23}.Debug|x86.ActiveCfg = Debug|Win32
		{77CD555C-10E3-4D41-A486-099BC5822B23}.Debug|x86.Build.0 = Debug|Win32
		{77CD555C-10E3-4D41-A486-099BC5822B23}.Release|x64.ActiveCfg = Release|x64
		{77CD555C-10E3-4D41-A486-099BC5822B23}.Release|x64.Build.0 = Release|x64
		{77CD555C-10E3-4D41-A486-099BC5822B23}.Release|x86.ActiveCfg = Release|Win32
		{77CD555C-10E3-4D41-A486-099BC5822B23}.Release|x86.Build.0 = Release|Win32
		{374CEB09-5FE5-4BF8-96EB-ECF5BF365AE1}.Debug|x64.ActiveCfg = Debug|x64
		{374CEB09-5FE5-4BF8-96EB-ECF5BF365AE1}.Debug|x64.Build.0 = Debug|x64
		{374CEB09-5FE5-4BF8-96EB-ECF5BF365AE1}.Debug|x86.ActiveCfg = Debug|Win32
		{374CEB09-5FE5-4BF8-96EB-ECF5BF365AE1}.Debug|x86.Build.0 = Debug|Win32
		{374CEB09-5FE5-4BF8-96EB-ECF5BF365AE1}.Release|x64.ActiveCfg = Release|x64
		{374CEB09-5FE5-4BF8-96EB-ECF5BF365AE1}.Release|x64.Build.0 = Release|x64
		{374CEB09-5FE5-4BF8-96EB-ECF5BF365AE1}.Release|x86.ActiveCfg = Release|Win32
		{374CEB09-5FE5-4BF8-96EB-ECF5BF365AE1}.Release|x86.Build.0 = Release|Win32
		{96D455B5-B90F-4E0A-9CE4-D1AFA32636A9}.Debug|x64.ActiveCfg = Debug|x64
		{96D455B5-B90F-4E0A-9CE4-D1AFA32636A9}.Debug|x64.Build.0 = Debug|x64
		{96D455B5-B90F-4E0A-9CE4-D1AFA32636A9}.Debug|x86.ActiveCfg = Debug|Win32
		{96D455B5-B90F-4E0A-9CE4-D1AFA32636A9}.Debug|x86.Build.0 = Debug|Win32
		{96D455B5-B90F-4E0A-9CE4-D1AFA32636A9}.Release|x64.ActiveCfg = Release|x64
		{96D455B5-B90F-4E0A-9CE4-D1AFA32636A9}.Release|x64.Build.0 = Release|x64
		{96D455B5-B90F-4E0A-9CE4-D1AFA32636A9}.Release|x86.ActiveCfg = Release|Win32
		{96D455B5-B90F-4E0A-9CE4-D1AFA32636A9}.Release|x86.Build.0 = Release|Win32
		{85A47735-85C6-4C1E-A41E-59C7CC3BDA4F}.Debug|x64.ActiveCfg = Debug|x64
		{85A47735-85C6-4C1E-A41E-59C7CC3BDA4F}.Debug|x64.Build.0 = Debug|x64
		{85A47735-85C6-4C1E-A41E-59C7CC3BDA4F}.Debug|x86.ActiveCfg = Debug|Win32
		{85A47735-85C6-4C1E-A41E-59C7CC3BDA4F}.Debug|x86.Build.0 = Debug|Win32
		{85A47735-85C6-4C1E-A41E-59C7CC3BDA4F}.Release|x64.ActiveCfg = Release|x64
		{85A47735-85C6-4C1E-A41E-59C7CC3BDA4F}.Release|x64.Build.0 = Release|x64
		{85A47735-85C6-4C1E-A41E-59C7CC3BDA4F}.Release|x86.ActiveCfg = Release|Win32
		{85A47735-85C6-4C1E-A41E-59C7CC3BDA4F}.Release|x86.Build.0 = Release|Win32
		{258089BD-269F-4DAB-BB8B-6BFEE1471CCC}.Debug|x64.ActiveCfg = Debug|x64
		{258089BD-269F-4DAB-BB8B-6BFEE1471CCC}.Debug|x64.Build.0 = Debug|x64
		{258089BD-269F-4DAB-BB8B-6BFEE1471CCC}.Debug|x86.ActiveCfg = Debug|Win32
		{258089BD-269F-4DAB-BB8B-6BFEE1471CCC}.Debug|x86.Build.0 = Debug|Win32
		{258089BD-269F-4DAB-BB8B-6BFEE1471CCC}.Release|x64.ActiveCfg = Release|x64
		{258089BD-269F-4DAB-BB8B-6BFEE1471CCC}.Release|x64.Build.0 = Release|x64
		{258089BD-269F-4DAB-BB8B-6BFEE1471CCC}.Release|x86.ActiveCfg = Release|Win32
		{258089BD-269F-4DAB-BB8B-6BFEE1471CCC}.Release|x86.Build.0 = Release|Win32
		{BB16A050-B1F2-4BF6-BC0F-5470AA570735}.Debug|x64.ActiveCfg = Debug|x64
		{BB16A050-B1F2-4BF6-BC0F-5470AA570735}.Debug|x64.Build.0 = Debug|x64
		{BB16A050-B1F2-4BF6-BC0F-5470AA570735}.Debug|x86.ActiveCfg = Debug|Win32
		{BB16A050-B1F2-4BF6-BC0F-5470AA570735}.Debug|x86.Build.0 = Debug|Win32
		{BB16A050-B1F2-4BF6-BC0F-5470AA570735}.Release|x64.ActiveCfg = Release|x64
		{BB16A050-B1F2-4BF6-BC0F-5470AA570735}.Release|x64.Build.0 = Release|x64
		{BB16A050-B1F2-4BF6-BC0F-5470AA570735}.Release|x86.ActiveCfg = Release|Win32
		{BB16A050-B1F2-4BF6-BC0F-5470AA570735}.Release|x86.Build.0 = Release|Win32
		{4C1BAB59-3F08-428F-AEB3-DD9B35C083AB}.Debug|x64.ActiveCfg = Debug|x64
		{4C1BAB59-3F08-428F-AEB3-DD9B35C083AB}.Debug|x64.Build.0 = Debug|x64
		{4C1BAB59-3F08-428F-AEB3-DD9B35C083AB}.Debug|x86.ActiveCfg = Debug|Win32
		{4C1BAB59-3F08-428F-AEB3-DD9B35C083AB}.Debug|x86.Build.0 = Debug|Win32
		{4C1BAB59-3F08-428F-AEB3-DD9B35C083AB}.Release|x64.ActiveCfg = Release|x64
		{4C1BAB59-3F08-428F-AEB3-DD9B35C083AB}.Release|x64.Build.0 = Release|x64
		{4C1BAB59-3F08-428F-AEB3-DD9B35C083AB}.Release|x86.ActiveCfg = Release|Win32
		{4C1BAB59-3F08-428F-AEB3-DD9B35C083AB}.Release|x86.Build.0 = Release|Win32
		{ED6849F2-DA13-4A87-BC05-C217D81DCAD9}.Debug|x64.ActiveCfg = Debug|x64
		{ED6849F2-DA13-4A87-BC05-C217D81DCAD9}.Debug|x64.Build.0 = Debug|x64
		{ED6849F2-DA13-4A87-BC05-C217D81DCAD9}.Debug|x86.ActiveCfg = Debug|Win32
		{ED6849F2-DA13-4A87-BC05-C217D81DCAD9}.Debug|x86.Build.0 = Debug|Win32
		{ED6849F2-DA13-4A87-BC05-C217D81DCAD9}.Release|x64.ActiveCfg = Release|x64
		{ED6849F2-DA13-4A87-BC05-C217D81DCAD9}.Release|x64.Build.0 = Release|x64
		{ED6849F2-DA13-4A87-BC05-C217D81DCAD9}.Release|x86.ActiveCfg = Release|Win32
		{ED6849F2-DA13-4A87-BC05-C217D81DCAD9}.Release|x86.Build.0 = Release|Win32
		{8F5D02FD-B9EC-4A98-A576-264EC8224D34}.Debug|x64.ActiveCfg = Debug|x64
		{8F5D02FD-B9EC-4A98-A576-264EC8224D34}.Debug|x64.Build.0 = Debug|x64
		{8F5D02FD-B9EC-4A98-A576-264EC8224D34}.Debug|x86.ActiveCfg = Debug|Win32
		{8F5D02FD-B9EC-4A98-A576-264EC8224D34}.Debug|x86.Build.0 = Debug|Win32
		{8F5D02FD-B9EC-4A98-A576-264EC8224D34}.Release|x64.ActiveCfg = Release|x64
		{8F5D02FD-B9EC-4A98-A576-264EC8224D34}.Release|x64.Build.0 = Release|x64
		{8F5D02FD-B9EC-4A98-A576-264EC8224D34}.Release|x86.ActiveCfg = Release|Win32
		{8F5D02FD-B9EC-4A98-A576-264EC8224D34}.Release|x86.Build.0 = Release|Win32
		{56BA1EF9-DDA3-4598-96F2-32F998998A51}.Debug|x64.ActiveCfg = Debug|x64
		{56BA1EF9-DDA3-4598-96F2-32F998998A51}.Debug|x64.Build.0 = Debug|x64
		{56BA1EF9-DDA3-4598-96F2-32F998998A51}.Debug|x86.ActiveCfg = Debug|Win32
		{56BA1EF9-DDA3-4598-96F2-32F998998A51}.Debug|x86.Build.0 = Debug|Win32
		{56BA1EF9-DDA3-4598-96F2-32F998998A51}.Release|x64.ActiveCfg = Release|x64
		{56BA1EF9-DDA3-4598-96F2-32F998998A51}.Release|x64.Build.0 = Release|x64
		{56BA1EF9-DDA3-4598-96F2-32F998998A51}.Release|x86.ActiveCfg = Release|Win32
		{56BA1EF9-DDA3-4598-96F2-32F998998A51}.Release|x86.Build.0 = Release|Win32
		{B59FCB62-D437-4FD4-A1CF-4155BF664A11}.Debug|x64.ActiveCfg = Debug|x64
		{B59FCB62-D437-4FD4-A1CF-4155BF664A11}.Debug|x64.Build.0 = Debug|x64
		{B59FCB62-D437-4FD4-A1CF-4155BF664A11}.Debug|x86.ActiveCfg = Debug|Win32
		{B59FCB62-D437-4FD4-A1CF-4155BF664A11}.Debug|x86.Build.0 = Debug|Win32
		{B59FCB62-D437-4FD4-A1CF-4155BF664A11}.Release|x64.ActiveCfg = Release|x64
		{B59FCB62-D437-4FD4-A1CF-4155BF664A11}.Release|x64.Build.0 = Release|x64
		{B59FCB62-D437-4FD4-A1CF-4155BF664A11}.Release|x86.ActiveCfg = Release|Win32
		{B59FCB62-D437-4FD4-A1CF-4155BF664A11}.Release|x86.Build.0 = Release|Win32
		{B1969DE1-EA39-45D1-BF10-0CC0D442CA85}.Debug|x64.ActiveCfg = Debug|x64
		{B1969DE1-EA39-45D1-BF10-0CC0D442CA85}.Debug|x64.Build.0 = Debug|x64
		{B1969DE1-EA39-45D1-BF10-0CC0D442CA85}.Debug|x86.ActiveCfg = Debug|Win32
		{B1969DE1-EA39-45D1-BF10-0CC0D442CA85}.Debug|x86.Build.0 = Debug|Win32
		{B1969DE1-EA39-45D1-BF10-0CC0D442CA85}.Release|x64.ActiveCfg = Release|x64
		{B1969DE1-EA39-45D1-BF10-0CC0D442CA85}.Release|x64.Build.0 = Release|x64
		{B1969DE1-EA39-45D1-BF10-0CC0D442CA85}.Release|x86.ActiveCfg = Release|Win32
		{B1969DE1-EA39-45D1-BF10-0CC0D442CA85}.Release|x86.Build.0 = Release|Win32
		{767B94C9-B0C8-47AC-A7CD-4EBFF6765A8B}.Debug|x64.ActiveCfg = Debug|x64
		{767B94C9-B0C8-47AC-A7CD-4EBFF6765A8B}.Debug|x64.Build.0 = Debug|x64
		{767B94C9-B0C8-47AC-A7CD-4EBFF6765A8B}.Debug|x86.ActiveCfg = Debug|Win32
		{767B94C9-B0C8-47AC-A7CD-4EBFF6765A8B}.Debug|x86.Build.0 = Debug|Win32
		{767B94C9-B0C8-47AC-A7CD-4EBFF6765A8B}.Release|x64.ActiveCfg = Release|x64
		{767B94C9-B0C8-47AC-A7CD-4EBFF6765A8B}.Release|x64.Build.0 = Release|x64
		{767B94C9-B0C8-47AC-A7CD-4EBFF6765A8B}.Release|x86.ActiveCfg = Release|Win32
		{767B94C9-B0C8-47AC-A7CD-4EBFF6765A8B}.Release|x86.Build.0 = Release|Win32
		{B577AD83-58AC-434F-A1D2-64047CCCFDD8}.Debug|x64.ActiveCfg = Debug|x64
		{B577AD83-58AC-434F-A1D2-64047CCCFDD8}.Debug|x64.Build.0 = Debug|x64
		{B577AD83-58AC-434F-A1D2-64047CCCFDD8}.Debug|x86.ActiveCfg = Debug|Win32
		{B577AD83-58AC-434F-A1D2-64047CCCFDD8}.Debug|x86.Build.0 = Debug|Win32
		{B577AD83-58AC-434F-A1D2-64047CCCFDD8}.Release|x64.ActiveCfg = Release|x64
		{B577AD83-58AC-434F-A1D2-64047CCCFDD8}.Release|x64.Build.0 = Release|x64
		{B577AD83-58AC-434F-A1D2-64047CCCFDD8}.Release|x86.ActiveCfg = Release|Win32
		{B577AD83-58AC-434F-A1D2-64047CCCFDD8}.Release|x86.Build.0 = Release|Win32
	EndGlobalSection
	GlobalSection(SolutionProperties) = preSolution
		HideSolutionNode = FALSE
	EndGlobalSection
	GlobalSection(NestedProjects) = preSolution
		{CE569EEF-AECB-48FA-AD84-97D0A89E789E} = {770ECB8E-2A31-4041-B686-042C6865CDF9}
		{7637F4FC-B795-4B7D-89FC-AB7F8D2E02A9} = {770ECB8E-2A31-4041-B686-042C6865CDF9}
		{44C14CF2-2BD7-4AE7-A273-940988848344} = {B1BE8738-7475-42FB-86E6-804456EC531F}
		{94C77395-D81F-4F00-B33B-94BD9ADEDFE4} = {B1BE8738-7475-42FB-86E6-804456EC531F}
		{87A4AD35-C8B3-433A-A98E-5C216D82E2F4} = {B1BE8738-7475-42FB-86E6-804456EC531F}
		{E48F70E5-1CCF-4125-85F8-EE173A9092D1} = {B1BE8738-7475-42FB-86E6-804456EC531F}
		{91980E4E-CFB0-4DB7-881B-6BBC1C79ECCF} = {B1BE8738-7475-42FB-86E6-804456EC531F}
		{374CEB09-5FE5-4BF8-96EB-ECF5BF365AE1} = {B1BE8738-7475-42FB-86E6-804456EC531F}
		{96D455B5-B90F-4E0A-9CE4-D1AFA32636A9} = {1AB7B933-CBEB-41FB-A6F1-7D1EDA06A100}
		{85A47735-85C6-4C1E-A41E-59C7CC3BDA4F} = {B1BE8738-7475-42FB-86E6-804456EC531F}
		{258089BD-269F-4DAB-BB8B-6BFEE1471CCC} = {1AB7B933-CBEB-41FB-A6F1-7D1EDA06A100}
		{BB16A050-B1F2-4BF6-BC0F-5470AA570735} = {1AB7B933-CBEB-41FB-A6F1-7D1EDA06A100}
		{4C1BAB59-3F08-428F-AEB3-DD9B35C083AB} = {B1BE8738-7475-42FB-86E6-804456EC531F}
		{8F5D02FD-B9EC-4A98-A576-264EC8224D34} = {613BA2EF-077C-4E18-9DDE-2EB2CDB335B0}
		{56BA1EF9-DDA3-4598-96F2-32F998998A51} = {1AB7B933-CBEB-41FB-A6F1-7D1EDA06A100}
		{B59FCB62-D437-4FD4-A1CF-4155BF664A11} = {1AB7B933-CBEB-41FB-A6F1-7D1EDA06A100}
		{B1969DE1-EA39-45D1-BF10-0CC0D442CA85} = {1AB7B933-CBEB-41FB-A6F1-7D1EDA06A100}
		{767B94C9-B0C8-47AC-A7CD-4EBFF6765A8B} = {B1BE8738-7475-42FB-86E6-804456EC531F}
		{B577AD83-58AC-434F-A1D2-64047CCCFDD8} = {B1BE8738-7475-42FB-86E6-804456EC531F}
	EndGlobalSection
	GlobalSection(ExtensibilityGlobals) = postSolution
		SolutionGuid = {D8D852F7-90CA-4379-BF8E-6B6E1D793FA0}
	EndGlobalSection
	GlobalSection(Performance) = preSolution
		HasPerformanceSessions = true
	EndGlobalSection
	GlobalSection(Performance) = preSolution
		HasPerformanceSessions = true
	EndGlobalSection
EndGlobal
